
Microsoft Visual Studio Solution File, Format Version 12.00
# Visual Studio Version 16
VisualStudioVersion = 16.0.32002.261
MinimumVisualStudioVersion = 10.0.40219.1
Project("{9A19103F-16F7-4668-BE54-9A1E7A4F7556}") = "BancoBuiles", "BancoBuiles.csproj", "{0B4EAF2B-3244-422F-8AA0-ADBF9B91B81E}"
EndProject
Project("{9A19103F-16F7-4668-BE54-9A1E7A4F7556}") = "DataAccess", "..\DataAccess\DataAccess.csproj", "{CDDA2542-2E60-4372-921B-F38776378AC1}"
EndProject
Project("{9A19103F-16F7-4668-BE54-9A1E7A4F7556}") = "Domain", "..\Domain\Domain.csproj", "{06358F0E-9F07-4E4B-AD94-09BFA2318EF3}"
EndProject
Project("{9A19103F-16F7-4668-BE54-9A1E7A4F7556}") = "Common", "..\Common\Common.csproj", "{B291AF33-FA30-440A-A3C8-E79A58EC689F}"
EndProject
Project("{9A19103F-16F7-4668-BE54-9A1E7A4F7556}") = "BancoBuilesTest", "..\BancoBuilesTest\BancoBuilesTest.csproj", "{B68E9D74-9C4D-43D5-BAA9-F554BC36080B}"
EndProject
Global
	GlobalSection(SolutionConfigurationPlatforms) = preSolution
		Debug|Any CPU = Debug|Any CPU
		Debug|x64 = Debug|x64
		Release|Any CPU = Release|Any CPU
		Release|x64 = Release|x64
	EndGlobalSection
	GlobalSection(ProjectConfigurationPlatforms) = postSolution
		{0B4EAF2B-3244-422F-8AA0-ADBF9B91B81E}.Debug|Any CPU.ActiveCfg = Debug|Any CPU
		{0B4EAF2B-3244-422F-8AA0-ADBF9B91B81E}.Debug|Any CPU.Build.0 = Debug|Any CPU
		{0B4EAF2B-3244-422F-8AA0-ADBF9B91B81E}.Debug|x64.ActiveCfg = Debug|x64
		{0B4EAF2B-3244-422F-8AA0-ADBF9B91B81E}.Debug|x64.Build.0 = Debug|x64
		{0B4EAF2B-3244-422F-8AA0-ADBF9B91B81E}.Release|Any CPU.ActiveCfg = Release|Any CPU
		{0B4EAF2B-3244-422F-8AA0-ADBF9B91B81E}.Release|Any CPU.Build.0 = Release|Any CPU
		{0B4EAF2B-3244-422F-8AA0-ADBF9B91B81E}.Release|x64.ActiveCfg = Release|x64
		{0B4EAF2B-3244-422F-8AA0-ADBF9B91B81E}.Release|x64.Build.0 = Release|x64
		{CDDA2542-2E60-4372-921B-F38776378AC1}.Debug|Any CPU.ActiveCfg = Debug|Any CPU
		{CDDA2542-2E60-4372-921B-F38776378AC1}.Debug|Any CPU.Build.0 = Debug|Any CPU
		{CDDA2542-2E60-4372-921B-F38776378AC1}.Debug|x64.ActiveCfg = Debug|x64
		{CDDA2542-2E60-4372-921B-F38776378AC1}.Debug|x64.Build.0 = Debug|x64
		{CDDA2542-2E60-4372-921B-F38776378AC1}.Release|Any CPU.ActiveCfg = Release|Any CPU
		{CDDA2542-2E60-4372-921B-F38776378AC1}.Release|Any CPU.Build.0 = Release|Any CPU
		{CDDA2542-2E60-4372-921B-F38776378AC1}.Release|x64.ActiveCfg = Release|x64
		{CDDA2542-2E60-4372-921B-F38776378AC1}.Release|x64.Build.0 = Release|x64
		{06358F0E-9F07-4E4B-AD94-09BFA2318EF3}.Debug|Any CPU.ActiveCfg = Debug|Any CPU
		{06358F0E-9F07-4E4B-AD94-09BFA2318EF3}.Debug|Any CPU.Build.0 = Debug|Any CPU
		{06358F0E-9F07-4E4B-AD94-09BFA2318EF3}.Debug|x64.ActiveCfg = Debug|x64
		{06358F0E-9F07-4E4B-AD94-09BFA2318EF3}.Debug|x64.Build.0 = Debug|x64
		{06358F0E-9F07-4E4B-AD94-09BFA2318EF3}.Release|Any CPU.ActiveCfg = Release|Any CPU
		{06358F0E-9F07-4E4B-AD94-09BFA2318EF3}.Release|Any CPU.Build.0 = Release|Any CPU
		{06358F0E-9F07-4E4B-AD94-09BFA2318EF3}.Release|x64.ActiveCfg = Release|x64
		{06358F0E-9F07-4E4B-AD94-09BFA2318EF3}.Release|x64.Build.0 = Release|x64
		{B291AF33-FA30-440A-A3C8-E79A58EC689F}.Debug|Any CPU.ActiveCfg = Debug|Any CPU
		{B291AF33-FA30-440A-A3C8-E79A58EC689F}.Debug|Any CPU.Build.0 = Debug|Any CPU
		{B291AF33-FA30-440A-A3C8-E79A58EC689F}.Debug|x64.ActiveCfg = Debug|x64
		{B291AF33-FA30-440A-A3C8-E79A58EC689F}.Debug|x64.Build.0 = Debug|x64
		{B291AF33-FA30-440A-A3C8-E79A58EC689F}.Release|Any CPU.ActiveCfg = Release|Any CPU
		{B291AF33-FA30-440A-A3C8-E79A58EC689F}.Release|Any CPU.Build.0 = Release|Any CPU
		{B291AF33-FA30-440A-A3C8-E79A58EC689F}.Release|x64.ActiveCfg = Release|x64
		{B291AF33-FA30-440A-A3C8-E79A58EC689F}.Release|x64.Build.0 = Release|x64
		{B68E9D74-9C4D-43D5-BAA9-F554BC36080B}.Debug|Any CPU.ActiveCfg = Debug|Any CPU
		{B68E9D74-9C4D-43D5-BAA9-F554BC36080B}.Debug|Any CPU.Build.0 = Debug|Any CPU
		{B68E9D74-9C4D-43D5-BAA9-F554BC36080B}.Debug|x64.ActiveCfg = Debug|x64
		{B68E9D74-9C4D-43D5-BAA9-F554BC36080B}.Debug|x64.Build.0 = Debug|x64
		{B68E9D74-9C4D-43D5-BAA9-F554BC36080B}.Release|Any CPU.ActiveCfg = Release|Any CPU
		{B68E9D74-9C4D-43D5-BAA9-F554BC36080B}.Release|Any CPU.Build.0 = Release|Any CPU
		{B68E9D74-9C4D-43D5-BAA9-F554BC36080B}.Release|x64.ActiveCfg = Release|x64
		{B68E9D74-9C4D-43D5-BAA9-F554BC36080B}.Release|x64.Build.0 = Release|x64
	EndGlobalSection
	GlobalSection(SolutionProperties) = preSolution
		HideSolutionNode = FALSE
	EndGlobalSection
	GlobalSection(ExtensibilityGlobals) = postSolution
		SolutionGuid = {A7F3F477-E627-4AE8-8E4C-DA250FB4DA64}
	EndGlobalSection
EndGlobal
